
Microsoft Visual Studio Solution File, Format Version 12.00
# Visual Studio Version 17
VisualStudioVersion = 17.2.32630.192
MinimumVisualStudioVersion = 10.0.40219.1
Project("{9A19103F-16F7-4668-BE54-9A1E7A4F7556}") = "Wms.ApplicationCore", "src\Wms.ApplicationCore\Wms.ApplicationCore.csproj", "{37C19BDB-4C99-4E96-A590-5E08E4AF5C43}"
EndProject
Project("{9A19103F-16F7-4668-BE54-9A1E7A4F7556}") = "Wms.Infrastructure", "src\Wms.Infrastructure\Wms.Infrastructure.csproj", "{6B522207-E2C3-4016-A1F4-D73E789DFE07}"
EndProject
Project("{9A19103F-16F7-4668-BE54-9A1E7A4F7556}") = "Wms.Api", "src\Wms.Api\Wms.Api.csproj", "{D0FA1529-C2E2-4C84-AF73-A2D35B9A2748}"
EndProject
Project("{2150E333-8FDC-42A3-9474-1A3956D46DE8}") = "Src", "Src", "{F70DDBC7-72CD-416A-8797-2E7670B26F94}"
EndProject
Project("{9A19103F-16F7-4668-BE54-9A1E7A4F7556}") = "Wms.Identity", "src\Wms.Identity\Wms.Identity.csproj", "{72CB1C78-7847-4C6D-A392-EEC01D99D75A}"
EndProject
Project("{9A19103F-16F7-4668-BE54-9A1E7A4F7556}") = "Wms.Admin.BlazorServerApp", "src\Wms.Admin.BlazorServerApp\Wms.Admin.BlazorServerApp.csproj", "{1EF830B0-CF9D-4F91-8F2E-2F5184BE506A}"
EndProject
Project("{2150E333-8FDC-42A3-9474-1A3956D46DE8}") = "WMS", "WMS", "{902EBB47-598E-4596-9B44-1A1339F4B28A}"
EndProject
Project("{2150E333-8FDC-42A3-9474-1A3956D46DE8}") = "OMS", "OMS", "{A30E6FA5-86F4-45FF-859A-9AE1F77BB812}"
EndProject
Project("{9A19103F-16F7-4668-BE54-9A1E7A4F7556}") = "Oms.Domain", "src\Oms.Domain\Oms.Domain.csproj", "{90334861-A274-44AE-BD43-BAB6139079E7}"
EndProject
Project("{9A19103F-16F7-4668-BE54-9A1E7A4F7556}") = "Oms.Infrastructure", "src\Oms.Infrastructure\Oms.Infrastructure.csproj", "{C0740085-C615-4E27-93DA-9CFCFDBA60E6}"
EndProject
Project("{9A19103F-16F7-4668-BE54-9A1E7A4F7556}") = "Oms.Application", "src\Oms.Application\Oms.Application.csproj", "{A6E248BE-2722-4020-8618-A7A444649513}"
EndProject
Project("{9A19103F-16F7-4668-BE54-9A1E7A4F7556}") = "Oms.Web", "src\Oms.Web\Oms.Web.csproj", "{23DCD2A0-E275-4056-8AF8-8374209C7CD7}"
EndProject
Project("{2150E333-8FDC-42A3-9474-1A3956D46DE8}") = "Identity", "Identity", "{AFBB1F7E-723A-4F84-B6F9-045E2E9DCAAF}"
EndProject
Project("{2150E333-8FDC-42A3-9474-1A3956D46DE8}") = "Shared", "Shared", "{3F6725D4-FCD1-4C4F-AEED-B71EEA4D6C67}"
EndProject
Project("{FAE04EC0-301F-11D3-BF4B-00C04F79EFBC}") = "Shared", "src\Shared\Shared.csproj", "{2DB7E3BF-3ACC-41B6-AB47-3C6016F55B30}"
EndProject
Global
	GlobalSection(SolutionConfigurationPlatforms) = preSolution
		Debug|Any CPU = Debug|Any CPU
		Release|Any CPU = Release|Any CPU
	EndGlobalSection
	GlobalSection(ProjectConfigurationPlatforms) = postSolution
		{37C19BDB-4C99-4E96-A590-5E08E4AF5C43}.Debug|Any CPU.ActiveCfg = Debug|Any CPU
		{37C19BDB-4C99-4E96-A590-5E08E4AF5C43}.Debug|Any CPU.Build.0 = Debug|Any CPU
		{37C19BDB-4C99-4E96-A590-5E08E4AF5C43}.Release|Any CPU.ActiveCfg = Release|Any CPU
		{37C19BDB-4C99-4E96-A590-5E08E4AF5C43}.Release|Any CPU.Build.0 = Release|Any CPU
		{6B522207-E2C3-4016-A1F4-D73E789DFE07}.Debug|Any CPU.ActiveCfg = Debug|Any CPU
		{6B522207-E2C3-4016-A1F4-D73E789DFE07}.Debug|Any CPU.Build.0 = Debug|Any CPU
		{6B522207-E2C3-4016-A1F4-D73E789DFE07}.Release|Any CPU.ActiveCfg = Release|Any CPU
		{6B522207-E2C3-4016-A1F4-D73E789DFE07}.Release|Any CPU.Build.0 = Release|Any CPU
		{D0FA1529-C2E2-4C84-AF73-A2D35B9A2748}.Debug|Any CPU.ActiveCfg = Debug|Any CPU
		{D0FA1529-C2E2-4C84-AF73-A2D35B9A2748}.Debug|Any CPU.Build.0 = Debug|Any CPU
		{D0FA1529-C2E2-4C84-AF73-A2D35B9A2748}.Release|Any CPU.ActiveCfg = Release|Any CPU
		{D0FA1529-C2E2-4C84-AF73-A2D35B9A2748}.Release|Any CPU.Build.0 = Release|Any CPU
		{72CB1C78-7847-4C6D-A392-EEC01D99D75A}.Debug|Any CPU.ActiveCfg = Debug|Any CPU
		{72CB1C78-7847-4C6D-A392-EEC01D99D75A}.Debug|Any CPU.Build.0 = Debug|Any CPU
		{72CB1C78-7847-4C6D-A392-EEC01D99D75A}.Release|Any CPU.ActiveCfg = Release|Any CPU
		{72CB1C78-7847-4C6D-A392-EEC01D99D75A}.Release|Any CPU.Build.0 = Release|Any CPU
		{1EF830B0-CF9D-4F91-8F2E-2F5184BE506A}.Debug|Any CPU.ActiveCfg = Debug|Any CPU
		{1EF830B0-CF9D-4F91-8F2E-2F5184BE506A}.Debug|Any CPU.Build.0 = Debug|Any CPU
		{1EF830B0-CF9D-4F91-8F2E-2F5184BE506A}.Release|Any CPU.ActiveCfg = Release|Any CPU
		{1EF830B0-CF9D-4F91-8F2E-2F5184BE506A}.Release|Any CPU.Build.0 = Release|Any CPU
		{90334861-A274-44AE-BD43-BAB6139079E7}.Debug|Any CPU.ActiveCfg = Debug|Any CPU
		{90334861-A274-44AE-BD43-BAB6139079E7}.Debug|Any CPU.Build.0 = Debug|Any CPU
		{90334861-A274-44AE-BD43-BAB6139079E7}.Release|Any CPU.ActiveCfg = Release|Any CPU
		{90334861-A274-44AE-BD43-BAB6139079E7}.Release|Any CPU.Build.0 = Release|Any CPU
		{C0740085-C615-4E27-93DA-9CFCFDBA60E6}.Debug|Any CPU.ActiveCfg = Debug|Any CPU
		{C0740085-C615-4E27-93DA-9CFCFDBA60E6}.Debug|Any CPU.Build.0 = Debug|Any CPU
		{C0740085-C615-4E27-93DA-9CFCFDBA60E6}.Release|Any CPU.ActiveCfg = Release|Any CPU
		{C0740085-C615-4E27-93DA-9CFCFDBA60E6}.Release|Any CPU.Build.0 = Release|Any CPU
		{A6E248BE-2722-4020-8618-A7A444649513}.Debug|Any CPU.ActiveCfg = Debug|Any CPU
		{A6E248BE-2722-4020-8618-A7A444649513}.Debug|Any CPU.Build.0 = Debug|Any CPU
		{A6E248BE-2722-4020-8618-A7A444649513}.Release|Any CPU.ActiveCfg = Release|Any CPU
		{A6E248BE-2722-4020-8618-A7A444649513}.Release|Any CPU.Build.0 = Release|Any CPU
		{23DCD2A0-E275-4056-8AF8-8374209C7CD7}.Debug|Any CPU.ActiveCfg = Debug|Any CPU
		{23DCD2A0-E275-4056-8AF8-8374209C7CD7}.Debug|Any CPU.Build.0 = Debug|Any CPU
		{23DCD2A0-E275-4056-8AF8-8374209C7CD7}.Release|Any CPU.ActiveCfg = Release|Any CPU
		{23DCD2A0-E275-4056-8AF8-8374209C7CD7}.Release|Any CPU.Build.0 = Release|Any CPU
		{2DB7E3BF-3ACC-41B6-AB47-3C6016F55B30}.Debug|Any CPU.ActiveCfg = Debug|Any CPU
		{2DB7E3BF-3ACC-41B6-AB47-3C6016F55B30}.Debug|Any CPU.Build.0 = Debug|Any CPU
		{2DB7E3BF-3ACC-41B6-AB47-3C6016F55B30}.Release|Any CPU.ActiveCfg = Release|Any CPU
		{2DB7E3BF-3ACC-41B6-AB47-3C6016F55B30}.Release|Any CPU.Build.0 = Release|Any CPU
	EndGlobalSection
	GlobalSection(SolutionProperties) = preSolution
		HideSolutionNode = FALSE
	EndGlobalSection
	GlobalSection(NestedProjects) = preSolution
		{37C19BDB-4C99-4E96-A590-5E08E4AF5C43} = {902EBB47-598E-4596-9B44-1A1339F4B28A}
		{6B522207-E2C3-4016-A1F4-D73E789DFE07} = {902EBB47-598E-4596-9B44-1A1339F4B28A}
		{D0FA1529-C2E2-4C84-AF73-A2D35B9A2748} = {902EBB47-598E-4596-9B44-1A1339F4B28A}
		{72CB1C78-7847-4C6D-A392-EEC01D99D75A} = {AFBB1F7E-723A-4F84-B6F9-045E2E9DCAAF}
		{1EF830B0-CF9D-4F91-8F2E-2F5184BE506A} = {F70DDBC7-72CD-416A-8797-2E7670B26F94}
		{902EBB47-598E-4596-9B44-1A1339F4B28A} = {F70DDBC7-72CD-416A-8797-2E7670B26F94}
		{A30E6FA5-86F4-45FF-859A-9AE1F77BB812} = {F70DDBC7-72CD-416A-8797-2E7670B26F94}
		{90334861-A274-44AE-BD43-BAB6139079E7} = {A30E6FA5-86F4-45FF-859A-9AE1F77BB812}
		{C0740085-C615-4E27-93DA-9CFCFDBA60E6} = {A30E6FA5-86F4-45FF-859A-9AE1F77BB812}
		{A6E248BE-2722-4020-8618-A7A444649513} = {A30E6FA5-86F4-45FF-859A-9AE1F77BB812}
		{23DCD2A0-E275-4056-8AF8-8374209C7CD7} = {A30E6FA5-86F4-45FF-859A-9AE1F77BB812}
		{AFBB1F7E-723A-4F84-B6F9-045E2E9DCAAF} = {F70DDBC7-72CD-416A-8797-2E7670B26F94}
		{3F6725D4-FCD1-4C4F-AEED-B71EEA4D6C67} = {F70DDBC7-72CD-416A-8797-2E7670B26F94}
		{2DB7E3BF-3ACC-41B6-AB47-3C6016F55B30} = {3F6725D4-FCD1-4C4F-AEED-B71EEA4D6C67}
	EndGlobalSection
	GlobalSection(ExtensibilityGlobals) = postSolution
		SolutionGuid = {13BC2D65-1602-40C9-9B48-FC80FCE6129A}
	EndGlobalSection
EndGlobal
